
Microsoft Visual Studio Solution File, Format Version 12.00
# Visual Studio Version 17
VisualStudioVersion = 17.9.34714.143
MinimumVisualStudioVersion = 10.0.40219.1
Project("{FAE04EC0-301F-11D3-BF4B-00C04F79EFBC}") = "TareasConPrioridad", "TareasConPrioridad\TareasConPrioridad.csproj", "{66E4B5AB-5C0B-47EA-854A-46533261AF93}"
EndProject
Global
	GlobalSection(SolutionConfigurationPlatforms) = preSolution
		Debug|Any CPU = Debug|Any CPU
		Release|Any CPU = Release|Any CPU
	EndGlobalSection
	GlobalSection(ProjectConfigurationPlatforms) = postSolution
		{66E4B5AB-5C0B-47EA-854A-46533261AF93}.Debug|Any CPU.ActiveCfg = Debug|Any CPU
		{66E4B5AB-5C0B-47EA-854A-46533261AF93}.Debug|Any CPU.Build.0 = Debug|Any CPU
		{66E4B5AB-5C0B-47EA-854A-46533261AF93}.Release|Any CPU.ActiveCfg = Release|Any CPU
		{66E4B5AB-5C0B-47EA-854A-46533261AF93}.Release|Any CPU.Build.0 = Release|Any CPU
	EndGlobalSection
	GlobalSection(SolutionProperties) = preSolution
		HideSolutionNode = FALSE
	EndGlobalSection
	GlobalSection(ExtensibilityGlobals) = postSolution
		SolutionGuid = {8F48CFF9-1493-4FE4-8D8C-CA9F7A5E3D81}
	EndGlobalSection
EndGlobal
